
Microsoft Visual Studio Solution File, Format Version 12.00
# Visual Studio Version 17
VisualStudioVersion = 17.0.32014.148
MinimumVisualStudioVersion = 10.0.40219.1
Project("{FAE04EC0-301F-11D3-BF4B-00C04F79EFBC}") = "WindowsFormsApp1", "WindowsFormsApp1\WindowsFormsApp1.csproj", "{4CCC77AF-74C5-493B-A86A-14F387528041}"
EndProject
Global
	GlobalSection(SolutionConfigurationPlatforms) = preSolution
		Debug|Any CPU = Debug|Any CPU
		Release|Any CPU = Release|Any CPU
	EndGlobalSection
	GlobalSection(ProjectConfigurationPlatforms) = postSolution
		{4CCC77AF-74C5-493B-A86A-14F387528041}.Debug|Any CPU.ActiveCfg = Debug|Any CPU
		{4CCC77AF-74C5-493B-A86A-14F387528041}.Debug|Any CPU.Build.0 = Debug|Any CPU
		{4CCC77AF-74C5-493B-A86A-14F387528041}.Release|Any CPU.ActiveCfg = Release|Any CPU
		{4CCC77AF-74C5-493B-A86A-14F387528041}.Release|Any CPU.Build.0 = Release|Any CPU
	EndGlobalSection
	GlobalSection(SolutionProperties) = preSolution
		HideSolutionNode = FALSE
	EndGlobalSection
	GlobalSection(ExtensibilityGlobals) = postSolution
		SolutionGuid = {C7060D3D-DA57-4E04-A71C-65DCF0AA8FB5}
	EndGlobalSection
EndGlobal
