
Microsoft Visual Studio Solution File, Format Version 12.00
# Visual Studio Version 17
VisualStudioVersion = 17.0.32014.148
MinimumVisualStudioVersion = 10.0.40219.1
Project("{FAE04EC0-301F-11D3-BF4B-00C04F79EFBC}") = "basitveridogrulama", "basitveridogrulama\basitveridogrulama.csproj", "{36247DA6-A5DE-4E82-9607-26BEEFE06F0E}"
EndProject
Global
	GlobalSection(SolutionConfigurationPlatforms) = preSolution
		Debug|Any CPU = Debug|Any CPU
		Release|Any CPU = Release|Any CPU
	EndGlobalSection
	GlobalSection(ProjectConfigurationPlatforms) = postSolution
		{36247DA6-A5DE-4E82-9607-26BEEFE06F0E}.Debug|Any CPU.ActiveCfg = Debug|Any CPU
		{36247DA6-A5DE-4E82-9607-26BEEFE06F0E}.Debug|Any CPU.Build.0 = Debug|Any CPU
		{36247DA6-A5DE-4E82-9607-26BEEFE06F0E}.Release|Any CPU.ActiveCfg = Release|Any CPU
		{36247DA6-A5DE-4E82-9607-26BEEFE06F0E}.Release|Any CPU.Build.0 = Release|Any CPU
	EndGlobalSection
	GlobalSection(SolutionProperties) = preSolution
		HideSolutionNode = FALSE
	EndGlobalSection
	GlobalSection(ExtensibilityGlobals) = postSolution
		SolutionGuid = {D3A8C4F7-99AB-4D92-A920-431F6189B226}
	EndGlobalSection
EndGlobal
