
Microsoft Visual Studio Solution File, Format Version 12.00
# Visual Studio Version 17
VisualStudioVersion = 17.0.32014.148
MinimumVisualStudioVersion = 10.0.40219.1
Project("{FAE04EC0-301F-11D3-BF4B-00C04F79EFBC}") = "WindowsFormsApp14", "WindowsFormsApp14\WindowsFormsApp14.csproj", "{EFF43DBD-C500-4EEC-BBEE-A827D1D94BEF}"
EndProject
Global
	GlobalSection(SolutionConfigurationPlatforms) = preSolution
		Debug|Any CPU = Debug|Any CPU
		Release|Any CPU = Release|Any CPU
	EndGlobalSection
	GlobalSection(ProjectConfigurationPlatforms) = postSolution
		{EFF43DBD-C500-4EEC-BBEE-A827D1D94BEF}.Debug|Any CPU.ActiveCfg = Debug|Any CPU
		{EFF43DBD-C500-4EEC-BBEE-A827D1D94BEF}.Debug|Any CPU.Build.0 = Debug|Any CPU
		{EFF43DBD-C500-4EEC-BBEE-A827D1D94BEF}.Release|Any CPU.ActiveCfg = Release|Any CPU
		{EFF43DBD-C500-4EEC-BBEE-A827D1D94BEF}.Release|Any CPU.Build.0 = Release|Any CPU
	EndGlobalSection
	GlobalSection(SolutionProperties) = preSolution
		HideSolutionNode = FALSE
	EndGlobalSection
	GlobalSection(ExtensibilityGlobals) = postSolution
		SolutionGuid = {B7F46C04-ACE6-4F1E-84C5-09F26F936DF4}
	EndGlobalSection
EndGlobal
