
Microsoft Visual Studio Solution File, Format Version 12.00
# Visual Studio Version 17
VisualStudioVersion = 17.0.32014.148
MinimumVisualStudioVersion = 10.0.40219.1
Project("{FAE04EC0-301F-11D3-BF4B-00C04F79EFBC}") = "kayanbutton", "kayanbutton\kayanbutton.csproj", "{6169DD0D-36DE-40B9-BE61-553636DE05FA}"
EndProject
Global
	GlobalSection(SolutionConfigurationPlatforms) = preSolution
		Debug|Any CPU = Debug|Any CPU
		Release|Any CPU = Release|Any CPU
	EndGlobalSection
	GlobalSection(ProjectConfigurationPlatforms) = postSolution
		{6169DD0D-36DE-40B9-BE61-553636DE05FA}.Debug|Any CPU.ActiveCfg = Debug|Any CPU
		{6169DD0D-36DE-40B9-BE61-553636DE05FA}.Debug|Any CPU.Build.0 = Debug|Any CPU
		{6169DD0D-36DE-40B9-BE61-553636DE05FA}.Release|Any CPU.ActiveCfg = Release|Any CPU
		{6169DD0D-36DE-40B9-BE61-553636DE05FA}.Release|Any CPU.Build.0 = Release|Any CPU
	EndGlobalSection
	GlobalSection(SolutionProperties) = preSolution
		HideSolutionNode = FALSE
	EndGlobalSection
	GlobalSection(ExtensibilityGlobals) = postSolution
		SolutionGuid = {AC8BBFF8-C264-46B7-A44D-22B383A6AB90}
	EndGlobalSection
EndGlobal
