
Microsoft Visual Studio Solution File, Format Version 12.00
# Visual Studio Version 17
VisualStudioVersion = 17.0.32014.148
MinimumVisualStudioVersion = 10.0.40219.1
Project("{FAE04EC0-301F-11D3-BF4B-00C04F79EFBC}") = "WindowsFormsApp2", "WindowsFormsApp2\WindowsFormsApp2.csproj", "{752C207B-AAE4-4C6D-B31A-D5A9D202DD16}"
EndProject
Global
	GlobalSection(SolutionConfigurationPlatforms) = preSolution
		Debug|Any CPU = Debug|Any CPU
		Release|Any CPU = Release|Any CPU
	EndGlobalSection
	GlobalSection(ProjectConfigurationPlatforms) = postSolution
		{752C207B-AAE4-4C6D-B31A-D5A9D202DD16}.Debug|Any CPU.ActiveCfg = Debug|Any CPU
		{752C207B-AAE4-4C6D-B31A-D5A9D202DD16}.Debug|Any CPU.Build.0 = Debug|Any CPU
		{752C207B-AAE4-4C6D-B31A-D5A9D202DD16}.Release|Any CPU.ActiveCfg = Release|Any CPU
		{752C207B-AAE4-4C6D-B31A-D5A9D202DD16}.Release|Any CPU.Build.0 = Release|Any CPU
	EndGlobalSection
	GlobalSection(SolutionProperties) = preSolution
		HideSolutionNode = FALSE
	EndGlobalSection
	GlobalSection(ExtensibilityGlobals) = postSolution
		SolutionGuid = {1E76F9DA-70F5-4B88-AC93-52011004D9B0}
	EndGlobalSection
EndGlobal
