
Microsoft Visual Studio Solution File, Format Version 12.00
# Visual Studio Version 17
VisualStudioVersion = 17.0.32014.148
MinimumVisualStudioVersion = 10.0.40219.1
Project("{FAE04EC0-301F-11D3-BF4B-00C04F79EFBC}") = "WindowsFormsApp3", "WindowsFormsApp3\WindowsFormsApp3.csproj", "{C1A29059-21FE-4891-B65C-A1A5C51B78ED}"
EndProject
Global
	GlobalSection(SolutionConfigurationPlatforms) = preSolution
		Debug|Any CPU = Debug|Any CPU
		Release|Any CPU = Release|Any CPU
	EndGlobalSection
	GlobalSection(ProjectConfigurationPlatforms) = postSolution
		{C1A29059-21FE-4891-B65C-A1A5C51B78ED}.Debug|Any CPU.ActiveCfg = Debug|Any CPU
		{C1A29059-21FE-4891-B65C-A1A5C51B78ED}.Debug|Any CPU.Build.0 = Debug|Any CPU
		{C1A29059-21FE-4891-B65C-A1A5C51B78ED}.Release|Any CPU.ActiveCfg = Release|Any CPU
		{C1A29059-21FE-4891-B65C-A1A5C51B78ED}.Release|Any CPU.Build.0 = Release|Any CPU
	EndGlobalSection
	GlobalSection(SolutionProperties) = preSolution
		HideSolutionNode = FALSE
	EndGlobalSection
	GlobalSection(ExtensibilityGlobals) = postSolution
		SolutionGuid = {9AD445B8-A403-4F46-AF8D-C952B5BA11B6}
	EndGlobalSection
EndGlobal
