
Microsoft Visual Studio Solution File, Format Version 12.00
# Visual Studio Version 17
VisualStudioVersion = 17.0.32014.148
MinimumVisualStudioVersion = 10.0.40219.1
Project("{FAE04EC0-301F-11D3-BF4B-00C04F79EFBC}") = "WindowsFormsApp2", "WindowsFormsApp2\WindowsFormsApp2.csproj", "{CEE24982-9A4B-4346-B851-0568679FD0FA}"
EndProject
Global
	GlobalSection(SolutionConfigurationPlatforms) = preSolution
		Debug|Any CPU = Debug|Any CPU
		Release|Any CPU = Release|Any CPU
	EndGlobalSection
	GlobalSection(ProjectConfigurationPlatforms) = postSolution
		{CEE24982-9A4B-4346-B851-0568679FD0FA}.Debug|Any CPU.ActiveCfg = Debug|Any CPU
		{CEE24982-9A4B-4346-B851-0568679FD0FA}.Debug|Any CPU.Build.0 = Debug|Any CPU
		{CEE24982-9A4B-4346-B851-0568679FD0FA}.Release|Any CPU.ActiveCfg = Release|Any CPU
		{CEE24982-9A4B-4346-B851-0568679FD0FA}.Release|Any CPU.Build.0 = Release|Any CPU
	EndGlobalSection
	GlobalSection(SolutionProperties) = preSolution
		HideSolutionNode = FALSE
	EndGlobalSection
	GlobalSection(ExtensibilityGlobals) = postSolution
		SolutionGuid = {6D572AAB-3BEC-40CA-9F00-260D6CDC36A4}
	EndGlobalSection
EndGlobal
