
Microsoft Visual Studio Solution File, Format Version 12.00
# Visual Studio Version 17
VisualStudioVersion = 17.0.32014.148
MinimumVisualStudioVersion = 10.0.40219.1
Project("{FAE04EC0-301F-11D3-BF4B-00C04F79EFBC}") = "veribagı", "veribagı\veribagı.csproj", "{32583CFF-DFF7-4D6B-994F-12D7E3B94B4E}"
EndProject
Global
	GlobalSection(SolutionConfigurationPlatforms) = preSolution
		Debug|Any CPU = Debug|Any CPU
		Release|Any CPU = Release|Any CPU
	EndGlobalSection
	GlobalSection(ProjectConfigurationPlatforms) = postSolution
		{32583CFF-DFF7-4D6B-994F-12D7E3B94B4E}.Debug|Any CPU.ActiveCfg = Debug|Any CPU
		{32583CFF-DFF7-4D6B-994F-12D7E3B94B4E}.Debug|Any CPU.Build.0 = Debug|Any CPU
		{32583CFF-DFF7-4D6B-994F-12D7E3B94B4E}.Release|Any CPU.ActiveCfg = Release|Any CPU
		{32583CFF-DFF7-4D6B-994F-12D7E3B94B4E}.Release|Any CPU.Build.0 = Release|Any CPU
	EndGlobalSection
	GlobalSection(SolutionProperties) = preSolution
		HideSolutionNode = FALSE
	EndGlobalSection
	GlobalSection(ExtensibilityGlobals) = postSolution
		SolutionGuid = {5AE97742-F103-4278-9AE9-6AF8A7852308}
	EndGlobalSection
EndGlobal
