
Microsoft Visual Studio Solution File, Format Version 12.00
# Visual Studio Version 17
VisualStudioVersion = 17.0.32014.148
MinimumVisualStudioVersion = 10.0.40219.1
Project("{FAE04EC0-301F-11D3-BF4B-00C04F79EFBC}") = "buyukolanıbul", "buyukolanıbul\buyukolanıbul.csproj", "{7BAC17A4-DCBF-42B0-B2C3-3777E7314384}"
EndProject
Global
	GlobalSection(SolutionConfigurationPlatforms) = preSolution
		Debug|Any CPU = Debug|Any CPU
		Release|Any CPU = Release|Any CPU
	EndGlobalSection
	GlobalSection(ProjectConfigurationPlatforms) = postSolution
		{7BAC17A4-DCBF-42B0-B2C3-3777E7314384}.Debug|Any CPU.ActiveCfg = Debug|Any CPU
		{7BAC17A4-DCBF-42B0-B2C3-3777E7314384}.Debug|Any CPU.Build.0 = Debug|Any CPU
		{7BAC17A4-DCBF-42B0-B2C3-3777E7314384}.Release|Any CPU.ActiveCfg = Release|Any CPU
		{7BAC17A4-DCBF-42B0-B2C3-3777E7314384}.Release|Any CPU.Build.0 = Release|Any CPU
	EndGlobalSection
	GlobalSection(SolutionProperties) = preSolution
		HideSolutionNode = FALSE
	EndGlobalSection
	GlobalSection(ExtensibilityGlobals) = postSolution
		SolutionGuid = {A42E2874-9113-4B5D-B111-2FD4EE0E00A6}
	EndGlobalSection
EndGlobal
