
Microsoft Visual Studio Solution File, Format Version 12.00
# Visual Studio Version 17
VisualStudioVersion = 17.0.32014.148
MinimumVisualStudioVersion = 10.0.40219.1
Project("{FAE04EC0-301F-11D3-BF4B-00C04F79EFBC}") = "tabkontrol", "tabkontrol\tabkontrol.csproj", "{518C0FAD-A3EF-42B7-9580-C5BAB7CCD48F}"
EndProject
Global
	GlobalSection(SolutionConfigurationPlatforms) = preSolution
		Debug|Any CPU = Debug|Any CPU
		Release|Any CPU = Release|Any CPU
	EndGlobalSection
	GlobalSection(ProjectConfigurationPlatforms) = postSolution
		{518C0FAD-A3EF-42B7-9580-C5BAB7CCD48F}.Debug|Any CPU.ActiveCfg = Debug|Any CPU
		{518C0FAD-A3EF-42B7-9580-C5BAB7CCD48F}.Debug|Any CPU.Build.0 = Debug|Any CPU
		{518C0FAD-A3EF-42B7-9580-C5BAB7CCD48F}.Release|Any CPU.ActiveCfg = Release|Any CPU
		{518C0FAD-A3EF-42B7-9580-C5BAB7CCD48F}.Release|Any CPU.Build.0 = Release|Any CPU
	EndGlobalSection
	GlobalSection(SolutionProperties) = preSolution
		HideSolutionNode = FALSE
	EndGlobalSection
	GlobalSection(ExtensibilityGlobals) = postSolution
		SolutionGuid = {6B77F989-9777-4462-92D9-E444CDC3AB3E}
	EndGlobalSection
EndGlobal
