
Microsoft Visual Studio Solution File, Format Version 12.00
# Visual Studio Version 17
VisualStudioVersion = 17.0.32014.148
MinimumVisualStudioVersion = 10.0.40219.1
Project("{FAE04EC0-301F-11D3-BF4B-00C04F79EFBC}") = "NOTHESAP", "NOTHESAP\NOTHESAP.csproj", "{3FA4ABAA-7E96-405F-85CC-0AB491937F44}"
EndProject
Global
	GlobalSection(SolutionConfigurationPlatforms) = preSolution
		Debug|Any CPU = Debug|Any CPU
		Release|Any CPU = Release|Any CPU
	EndGlobalSection
	GlobalSection(ProjectConfigurationPlatforms) = postSolution
		{3FA4ABAA-7E96-405F-85CC-0AB491937F44}.Debug|Any CPU.ActiveCfg = Debug|Any CPU
		{3FA4ABAA-7E96-405F-85CC-0AB491937F44}.Debug|Any CPU.Build.0 = Debug|Any CPU
		{3FA4ABAA-7E96-405F-85CC-0AB491937F44}.Release|Any CPU.ActiveCfg = Release|Any CPU
		{3FA4ABAA-7E96-405F-85CC-0AB491937F44}.Release|Any CPU.Build.0 = Release|Any CPU
	EndGlobalSection
	GlobalSection(SolutionProperties) = preSolution
		HideSolutionNode = FALSE
	EndGlobalSection
	GlobalSection(ExtensibilityGlobals) = postSolution
		SolutionGuid = {BE066DE5-1358-41AA-B0FD-2F0B8BC827D8}
	EndGlobalSection
EndGlobal
